
Microsoft Visual Studio Solution File, Format Version 12.00
# Visual Studio Version 17
VisualStudioVersion = 17.7.34221.43
MinimumVisualStudioVersion = 10.0.40219.1
Project("{9A19103F-16F7-4668-BE54-9A1E7A4F7556}") = "Spotify.Domain", "Spotify.Domain\Spotify.Domain.csproj", "{4C226A4A-8AC9-4235-B42E-27CB4F9E0368}"
EndProject
Project("{9A19103F-16F7-4668-BE54-9A1E7A4F7556}") = "Spotify.Test", "Spotify.Test\Spotify.Test.csproj", "{DA844BFB-6C92-4BB7-A15A-D653CD1B5BE5}"
EndProject
Project("{FAE04EC0-301F-11D3-BF4B-00C04F79EFBC}") = "Spotify.Core", "Spotify.Core\Spotify.Core.csproj", "{A49D5D20-AE38-4B7F-8E24-7339084EEF67}"
EndProject
Global
	GlobalSection(SolutionConfigurationPlatforms) = preSolution
		Debug|Any CPU = Debug|Any CPU
		Release|Any CPU = Release|Any CPU
	EndGlobalSection
	GlobalSection(ProjectConfigurationPlatforms) = postSolution
		{4C226A4A-8AC9-4235-B42E-27CB4F9E0368}.Debug|Any CPU.ActiveCfg = Debug|Any CPU
		{4C226A4A-8AC9-4235-B42E-27CB4F9E0368}.Debug|Any CPU.Build.0 = Debug|Any CPU
		{4C226A4A-8AC9-4235-B42E-27CB4F9E0368}.Release|Any CPU.ActiveCfg = Release|Any CPU
		{4C226A4A-8AC9-4235-B42E-27CB4F9E0368}.Release|Any CPU.Build.0 = Release|Any CPU
		{DA844BFB-6C92-4BB7-A15A-D653CD1B5BE5}.Debug|Any CPU.ActiveCfg = Debug|Any CPU
		{DA844BFB-6C92-4BB7-A15A-D653CD1B5BE5}.Debug|Any CPU.Build.0 = Debug|Any CPU
		{DA844BFB-6C92-4BB7-A15A-D653CD1B5BE5}.Release|Any CPU.ActiveCfg = Release|Any CPU
		{DA844BFB-6C92-4BB7-A15A-D653CD1B5BE5}.Release|Any CPU.Build.0 = Release|Any CPU
		{A49D5D20-AE38-4B7F-8E24-7339084EEF67}.Debug|Any CPU.ActiveCfg = Debug|Any CPU
		{A49D5D20-AE38-4B7F-8E24-7339084EEF67}.Debug|Any CPU.Build.0 = Debug|Any CPU
		{A49D5D20-AE38-4B7F-8E24-7339084EEF67}.Release|Any CPU.ActiveCfg = Release|Any CPU
		{A49D5D20-AE38-4B7F-8E24-7339084EEF67}.Release|Any CPU.Build.0 = Release|Any CPU
	EndGlobalSection
	GlobalSection(SolutionProperties) = preSolution
		HideSolutionNode = FALSE
	EndGlobalSection
	GlobalSection(ExtensibilityGlobals) = postSolution
		SolutionGuid = {03902A93-80F7-4D3E-9CA8-299CC0BDB6A0}
	EndGlobalSection
EndGlobal
